
Microsoft Visual Studio Solution File, Format Version 12.00
# Visual Studio Version 16
VisualStudioVersion = 16.0.32802.440
MinimumVisualStudioVersion = 10.0.40219.1
Project("{FAE04EC0-301F-11D3-BF4B-00C04F79EFBC}") = "FiltroDocumentos", "FiltroDocumentos\FiltroDocumentos.csproj", "{2CEC3302-4DA5-4D93-9F0B-23654E84DD70}"
EndProject
Global
	GlobalSection(SolutionConfigurationPlatforms) = preSolution
		Debug|Any CPU = Debug|Any CPU
		Release|Any CPU = Release|Any CPU
	EndGlobalSection
	GlobalSection(ProjectConfigurationPlatforms) = postSolution
		{2CEC3302-4DA5-4D93-9F0B-23654E84DD70}.Debug|Any CPU.ActiveCfg = Debug|Any CPU
		{2CEC3302-4DA5-4D93-9F0B-23654E84DD70}.Debug|Any CPU.Build.0 = Debug|Any CPU
		{2CEC3302-4DA5-4D93-9F0B-23654E84DD70}.Release|Any CPU.ActiveCfg = Release|Any CPU
		{2CEC3302-4DA5-4D93-9F0B-23654E84DD70}.Release|Any CPU.Build.0 = Release|Any CPU
	EndGlobalSection
	GlobalSection(SolutionProperties) = preSolution
		HideSolutionNode = FALSE
	EndGlobalSection
	GlobalSection(ExtensibilityGlobals) = postSolution
		SolutionGuid = {7F6E6C9C-B7D5-4767-843B-C3C6EC1BA669}
	EndGlobalSection
EndGlobal
